
Microsoft Visual Studio Solution File, Format Version 12.00
# Visual Studio 15
VisualStudioVersion = 15.0.28307.572
MinimumVisualStudioVersion = 10.0.40219.1
Project("{FAE04EC0-301F-11D3-BF4B-00C04F79EFBC}") = "K-Means", "K-Means.csproj", "{9FBAEF00-E59B-48C7-B2A4-156614F27D96}"
EndProject
Global
	GlobalSection(SolutionConfigurationPlatforms) = preSolution
		Debug|Any CPU = Debug|Any CPU
		Release|Any CPU = Release|Any CPU
	EndGlobalSection
	GlobalSection(ProjectConfigurationPlatforms) = postSolution
		{9FBAEF00-E59B-48C7-B2A4-156614F27D96}.Debug|Any CPU.ActiveCfg = Debug|Any CPU
		{9FBAEF00-E59B-48C7-B2A4-156614F27D96}.Debug|Any CPU.Build.0 = Debug|Any CPU
		{9FBAEF00-E59B-48C7-B2A4-156614F27D96}.Release|Any CPU.ActiveCfg = Release|Any CPU
		{9FBAEF00-E59B-48C7-B2A4-156614F27D96}.Release|Any CPU.Build.0 = Release|Any CPU
	EndGlobalSection
	GlobalSection(SolutionProperties) = preSolution
		HideSolutionNode = FALSE
	EndGlobalSection
	GlobalSection(ExtensibilityGlobals) = postSolution
		SolutionGuid = {D82CC0AC-0356-4FBC-9D16-FB5E23C80EB7}
	EndGlobalSection
EndGlobal
